// !$*UTF8*$!
{
	archiveVersion = 1;
	classes = {
	};
	objectVersion = 46;
	objects = {

/* Begin PBXBuildFile section */
		041E75B919D660440084C42B /* Foundation.framework in Frameworks */ = {isa = PBXBuildFile; fileRef = 041E75B819D660440084C42B /* Foundation.framework */; };
		041E75BB19D660440084C42B /* CoreGraphics.framework in Frameworks */ = {isa = PBXBuildFile; fileRef = 041E75BA19D660440084C42B /* CoreGraphics.framework */; };
		041E75BD19D660440084C42B /* UIKit.framework in Frameworks */ = {isa = PBXBuildFile; fileRef = 041E75BC19D660440084C42B /* UIKit.framework */; };
		041E75C319D660440084C42B /* InfoPlist.strings in Resources */ = {isa = PBXBuildFile; fileRef = 041E75C119D660440084C42B /* InfoPlist.strings */; };
		041E75C519D660440084C42B /* main.m in Sources */ = {isa = PBXBuildFile; fileRef = 041E75C419D660440084C42B /* main.m */; };
		041E75C919D660440084C42B /* YGHAppDelegate.m in Sources */ = {isa = PBXBuildFile; fileRef = 041E75C819D660440084C42B /* YGHAppDelegate.m */; };
		041E75CB19D660440084C42B /* Images.xcassets in Resources */ = {isa = PBXBuildFile; fileRef = 041E75CA19D660440084C42B /* Images.xcassets */; };
		041E75D219D660440084C42B /* XCTest.framework in Frameworks */ = {isa = PBXBuildFile; fileRef = 041E75D119D660440084C42B /* XCTest.framework */; };
		041E75D319D660440084C42B /* Foundation.framework in Frameworks */ = {isa = PBXBuildFile; fileRef = 041E75B819D660440084C42B /* Foundation.framework */; };
		041E75D419D660440084C42B /* UIKit.framework in Frameworks */ = {isa = PBXBuildFile; fileRef = 041E75BC19D660440084C42B /* UIKit.framework */; };
		041E75DC19D660440084C42B /* InfoPlist.strings in Resources */ = {isa = PBXBuildFile; fileRef = 041E75DA19D660440084C42B /* InfoPlist.strings */; };
		041E75DE19D660440084C42B /* UIGestureRecognizerTests.m in Sources */ = {isa = PBXBuildFile; fileRef = 041E75DD19D660440084C42B /* UIGestureRecognizerTests.m */; };
		041E75E919D6605A0084C42B /* YGHRootViewController.m in Sources */ = {isa = PBXBuildFile; fileRef = 041E75E819D6605A0084C42B /* YGHRootViewController.m */; };
/* End PBXBuildFile section */

/* Begin PBXContainerItemProxy section */
		041E75D519D660440084C42B /* PBXContainerItemProxy */ = {
			isa = PBXContainerItemProxy;
			containerPortal = 041E75AD19D660440084C42B /* Project object */;
			proxyType = 1;
			remoteGlobalIDString = 041E75B419D660440084C42B;
			remoteInfo = UIGestureRecognizer;
		};
/* End PBXContainerItemProxy section */

/* Begin PBXFileReference section */
		041E75B519D660440084C42B /* UIGestureRecognizer.app */ = {isa = PBXFileReference; explicitFileType = wrapper.application; includeInIndex = 0; path = UIGestureRecognizer.app; sourceTree = BUILT_PRODUCTS_DIR; };
		041E75B819D660440084C42B /* Foundation.framework */ = {isa = PBXFileReference; lastKnownFileType = wrapper.framework; name = Foundation.framework; path = System/Library/Frameworks/Foundation.framework; sourceTree = SDKROOT; };
		041E75BA19D660440084C42B /* CoreGraphics.framework */ = {isa = PBXFileReference; lastKnownFileType = wrapper.framework; name = CoreGraphics.framework; path = System/Library/Frameworks/CoreGraphics.framework; sourceTree = SDKROOT; };
		041E75BC19D660440084C42B /* UIKit.framework */ = {isa = PBXFileReference; lastKnownFileType = wrapper.framework; name = UIKit.framework; path = System/Library/Frameworks/UIKit.framework; sourceTree = SDKROOT; };
		041E75C019D660440084C42B /* UIGestureRecognizer-Info.plist */ = {isa = PBXFileReference; lastKnownFileType = text.plist.xml; path = "UIGestureRecognizer-Info.plist"; sourceTree = "<group>"; };
		041E75C219D660440084C42B /* en */ = {isa = PBXFileReference; lastKnownFileType = text.plist.strings; name = en; path = en.lproj/InfoPlist.strings; sourceTree = "<group>"; };
		041E75C419D660440084C42B /* main.m */ = {isa = PBXFileReference; lastKnownFileType = sourcecode.c.objc; path = main.m; sourceTree = "<group>"; };
		041E75C619D660440084C42B /* UIGestureRecognizer-Prefix.pch */ = {isa = PBXFileReference; lastKnownFileType = sourcecode.c.h; path = "UIGestureRecognizer-Prefix.pch"; sourceTree = "<group>"; };
		041E75C719D660440084C42B /* YGHAppDelegate.h */ = {isa = PBXFileReference; lastKnownFileType = sourcecode.c.h; path = YGHAppDelegate.h; sourceTree = "<group>"; };
		041E75C819D660440084C42B /* YGHAppDelegate.m */ = {isa = PBXFileReference; lastKnownFileType = sourcecode.c.objc; path = YGHAppDelegate.m; sourceTree = "<group>"; };
		041E75CA19D660440084C42B /* Images.xcassets */ = {isa = PBXFileReference; lastKnownFileType = folder.assetcatalog; path = Images.xcassets; sourceTree = "<group>"; };
		041E75D019D660440084C42B /* UIGestureRecognizerTests.xctest */ = {isa = PBXFileReference; explicitFileType = wrapper.cfbundle; includeInIndex = 0; path = UIGestureRecognizerTests.xctest; sourceTree = BUILT_PRODUCTS_DIR; };
		041E75D119D660440084C42B /* XCTest.framework */ = {isa = PBXFileReference; lastKnownFileType = wrapper.framework; name = XCTest.framework; path = Library/Frameworks/XCTest.framework; sourceTree = DEVELOPER_DIR; };
		041E75D919D660440084C42B /* UIGestureRecognizerTests-Info.plist */ = {isa = PBXFileReference; lastKnownFileType = text.plist.xml; path = "UIGestureRecognizerTests-Info.plist"; sourceTree = "<group>"; };
		041E75DB19D660440084C42B /* en */ = {isa = PBXFileReference; lastKnownFileType = text.plist.strings; name = en; path = en.lproj/InfoPlist.strings; sourceTree = "<group>"; };
		041E75DD19D660440084C42B /* UIGestureRecognizerTests.m */ = {isa = PBXFileReference; lastKnownFileType = sourcecode.c.objc; path = UIGestureRecognizerTests.m; sourceTree = "<group>"; };
		041E75E719D6605A0084C42B /* YGHRootViewController.h */ = {isa = PBXFileReference; fileEncoding = 4; lastKnownFileType = sourcecode.c.h; path = YGHRootViewController.h; sourceTree = "<group>"; };
		041E75E819D6605A0084C42B /* YGHRootViewController.m */ = {isa = PBXFileReference; fileEncoding = 4; lastKnownFileType = sourcecode.c.objc; path = YGHRootViewController.m; sourceTree = "<group>"; };
/* End PBXFileReference section */

/* Begin PBXFrameworksBuildPhase section */
		041E75B219D660440084C42B /* Frameworks */ = {
			isa = PBXFrameworksBuildPhase;
			buildActionMask = 2147483647;
			files = (
				041E75BB19D660440084C42B /* CoreGraphics.framework in Frameworks */,
				041E75BD19D660440084C42B /* UIKit.framework in Frameworks */,
				041E75B919D660440084C42B /* Foundation.framework in Frameworks */,
			);
			runOnlyForDeploymentPostprocessing = 0;
		};
		041E75CD19D660440084C42B /* Frameworks */ = {
			isa = PBXFrameworksBuildPhase;
			buildActionMask = 2147483647;
			files = (
				041E75D219D660440084C42B /* XCTest.framework in Frameworks */,
				041E75D419D660440084C42B /* UIKit.framework in Frameworks */,
				041E75D319D660440084C42B /* Foundation.framework in Frameworks */,
			);
			runOnlyForDeploymentPostprocessing = 0;
		};
/* End PBXFrameworksBuildPhase section */

/* Begin PBXGroup section */
		041E75AC19D660440084C42B = {
			isa = PBXGroup;
			children = (
				041E75BE19D660440084C42B /* UIGestureRecognizer */,
				041E75D719D660440084C42B /* UIGestureRecognizerTests */,
				041E75B719D660440084C42B /* Frameworks */,
				041E75B619D660440084C42B /* Products */,
			);
			sourceTree = "<group>";
		};
		041E75B619D660440084C42B /* Products */ = {
			isa = PBXGroup;
			children = (
				041E75B519D660440084C42B /* UIGestureRecognizer.app */,
				041E75D019D660440084C42B /* UIGestureRecognizerTests.xctest */,
			);
			name = Products;
			sourceTree = "<group>";
		};
		041E75B719D660440084C42B /* Frameworks */ = {
			isa = PBXGroup;
			children = (
				041E75B819D660440084C42B /* Foundation.framework */,
				041E75BA19D660440084C42B /* CoreGraphics.framework */,
				041E75BC19D660440084C42B /* UIKit.framework */,
				041E75D119D660440084C42B /* XCTest.framework */,
			);
			name = Frameworks;
			sourceTree = "<group>";
		};
		041E75BE19D660440084C42B /* UIGestureRecognizer */ = {
			isa = PBXGroup;
			children = (
				041E75C719D660440084C42B /* YGHAppDelegate.h */,
				041E75C819D660440084C42B /* YGHAppDelegate.m */,
				041E75E719D6605A0084C42B /* YGHRootViewController.h */,
				041E75E819D6605A0084C42B /* YGHRootViewController.m */,
				041E75CA19D660440084C42B /* Images.xcassets */,
				041E75BF19D660440084C42B /* Supporting Files */,
			);
			path = UIGestureRecognizer;
			sourceTree = "<group>";
		};
		041E75BF19D660440084C42B /* Supporting Files */ = {
			isa = PBXGroup;
			children = (
				041E75C019D660440084C42B /* UIGestureRecognizer-Info.plist */,
				041E75C119D660440084C42B /* InfoPlist.strings */,
				041E75C419D660440084C42B /* main.m */,
				041E75C619D660440084C42B /* UIGestureRecognizer-Prefix.pch */,
			);
			name = "Supporting Files";
			sourceTree = "<group>";
		};
		041E75D719D660440084C42B /* UIGestureRecognizerTests */ = {
			isa = PBXGroup;
			children = (
				041E75DD19D660440084C42B /* UIGestureRecognizerTests.m */,
				041E75D819D660440084C42B /* Supporting Files */,
			);
			path = UIGestureRecognizerTests;
			sourceTree = "<group>";
		};
		041E75D819D660440084C42B /* Supporting Files */ = {
			isa = PBXGroup;
			children = (
				041E75D919D660440084C42B /* UIGestureRecognizerTests-Info.plist */,
				041E75DA19D660440084C42B /* InfoPlist.strings */,
			);
			name = "Supporting Files";
			sourceTree = "<group>";
		};
/* End PBXGroup section */

/* Begin PBXNativeTarget section */
		041E75B419D660440084C42B /* UIGestureRecognizer */ = {
			isa = PBXNativeTarget;
			buildConfigurationList = 041E75E119D660440084C42B /* Build configuration list for PBXNativeTarget "UIGestureRecognizer" */;
			buildPhases = (
				041E75B119D660440084C42B /* Sources */,
				041E75B219D660440084C42B /* Frameworks */,
				041E75B319D660440084C42B /* Resources */,
			);
			buildRules = (
			);
			dependencies = (
			);
			name = UIGestureRecognizer;
			productName = UIGestureRecognizer;
			productReference = 041E75B519D660440084C42B /* UIGestureRecognizer.app */;
			productType = "com.apple.product-type.application";
		};
		041E75CF19D660440084C42B /* UIGestureRecognizerTests */ = {
			isa = PBXNativeTarget;
			buildConfigurationList = 041E75E419D660440084C42B /* Build configuration list for PBXNativeTarget "UIGestureRecognizerTests" */;
			buildPhases = (
				041E75CC19D660440084C42B /* Sources */,
				041E75CD19D660440084C42B /* Frameworks */,
				041E75CE19D660440084C42B /* Resources */,
			);
			buildRules = (
			);
			dependencies = (
				041E75D619D660440084C42B /* PBXTargetDependency */,
			);
			name = UIGestureRecognizerTests;
			productName = UIGestureRecognizerTests;
			productReference = 041E75D019D660440084C42B /* UIGestureRecognizerTests.xctest */;
			productType = "com.apple.product-type.bundle.unit-test";
		};
/* End PBXNativeTarget section */

/* Begin PBXProject section */
		041E75AD19D660440084C42B /* Project object */ = {
			isa = PBXProject;
			attributes = {
				CLASSPREFIX = YGH;
				LastUpgradeCheck = 0510;
				ORGANIZATIONNAME = "___YUGUIHUA___";
				TargetAttributes = {
					041E75CF19D660440084C42B = {
						TestTargetID = 041E75B419D660440084C42B;
					};
				};
			};
			buildConfigurationList = 041E75B019D660440084C42B /* Build configuration list for PBXProject "UIGestureRecognizer" */;
			compatibilityVersion = "Xcode 3.2";
			developmentRegion = English;
			hasScannedForEncodings = 0;
			knownRegions = (
				en,
			);
			mainGroup = 041E75AC19D660440084C42B;
			productRefGroup = 041E75B619D660440084C42B /* Products */;
			projectDirPath = "";
			projectRoot = "";
			targets = (
				041E75B419D660440084C42B /* UIGestureRecognizer */,
				041E75CF19D660440084C42B /* UIGestureRecognizerTests */,
			);
		};
/* End PBXProject section */

/* Begin PBXResourcesBuildPhase section */
		041E75B319D660440084C42B /* Resources */ = {
			isa = PBXResourcesBuildPhase;
			buildActionMask = 2147483647;
			files = (
				041E75C319D660440084C42B /* InfoPlist.strings in Resources */,
				041E75CB19D660440084C42B /* Images.xcassets in Resources */,
			);
			runOnlyForDeploymentPostprocessing = 0;
		};
		041E75CE19D660440084C42B /* Resources */ = {
			isa = PBXResourcesBuildPhase;
			buildActionMask = 2147483647;
			files = (
				041E75DC19D660440084C42B /* InfoPlist.strings in Resources */,
			);
			runOnlyForDeploymentPostprocessing = 0;
		};
/* End PBXResourcesBuildPhase section */

/* Begin PBXSourcesBuildPhase section */
		041E75B119D660440084C42B /* Sources */ = {
			isa = PBXSourcesBuildPhase;
			buildActionMask = 2147483647;
			files = (
				041E75C519D660440084C42B /* main.m in Sources */,
				041E75C919D660440084C42B /* YGHAppDelegate.m in Sources */,
				041E75E919D6605A0084C42B /* YGHRootViewController.m in Sources */,
			);
			runOnlyForDeploymentPostprocessing = 0;
		};
		041E75CC19D660440084C42B /* Sources */ = {
			isa = PBXSourcesBuildPhase;
			buildActionMask = 2147483647;
			files = (
				041E75DE19D660440084C42B /* UIGestureRecognizerTests.m in Sources */,
			);
			runOnlyForDeploymentPostprocessing = 0;
		};
/* End PBXSourcesBuildPhase section */

/* Begin PBXTargetDependency section */
		041E75D619D660440084C42B /* PBXTargetDependency */ = {
			isa = PBXTargetDependency;
			target = 041E75B419D660440084C42B /* UIGestureRecognizer */;
			targetProxy = 041E75D519D660440084C42B /* PBXContainerItemProxy */;
		};
/* End PBXTargetDependency section */

/* Begin PBXVariantGroup section */
		041E75C119D660440084C42B /* InfoPlist.strings */ = {
			isa = PBXVariantGroup;
			children = (
				041E75C219D660440084C42B /* en */,
			);
			name = InfoPlist.strings;
			sourceTree = "<group>";
		};
		041E75DA19D660440084C42B /* InfoPlist.strings */ = {
			isa = PBXVariantGroup;
			children = (
				041E75DB19D660440084C42B /* en */,
			);
			name = InfoPlist.strings;
			sourceTree = "<group>";
		};
/* End PBXVariantGroup section */

/* Begin XCBuildConfiguration section */
		041E75DF19D660440084C42B /* Debug */ = {
			isa = XCBuildConfiguration;
			buildSettings = {
				ALWAYS_SEARCH_USER_PATHS = NO;
				CLANG_CXX_LANGUAGE_STANDARD = "gnu++0x";
				CLANG_CXX_LIBRARY = "libc++";
				CLANG_ENABLE_MODULES = YES;
				CLANG_ENABLE_OBJC_ARC = YES;
				CLANG_WARN_BOOL_CONVERSION = YES;
				CLANG_WARN_CONSTANT_CONVERSION = YES;
				CLANG_WARN_DIRECT_OBJC_ISA_USAGE = YES_ERROR;
				CLANG_WARN_EMPTY_BODY = YES;
				CLANG_WARN_ENUM_CONVERSION = YES;
				CLANG_WARN_INT_CONVERSION = YES;
				CLANG_WARN_OBJC_ROOT_CLASS = YES_ERROR;
				CLANG_WARN__DUPLICATE_METHOD_MATCH = YES;
				"CODE_SIGN_IDENTITY[sdk=iphoneos*]" = "iPhone Developer";
				COPY_PHASE_STRIP = NO;
				GCC_C_LANGUAGE_STANDARD = gnu99;
				GCC_DYNAMIC_NO_PIC = NO;
				GCC_OPTIMIZATION_LEVEL = 0;
				GCC_PREPROCESSOR_DEFINITIONS = (
					"DEBUG=1",
					"$(inherited)",
				);
				GCC_SYMBOLS_PRIVATE_EXTERN = NO;
				GCC_WARN_64_TO_32_BIT_CONVERSION = YES;
				GCC_WARN_ABOUT_RETURN_TYPE = YES_ERROR;
				GCC_WARN_UNDECLARED_SELECTOR = YES;
				GCC_WARN_UNINITIALIZED_AUTOS = YES_AGGRESSIVE;
				GCC_WARN_UNUSED_FUNCTION = YES;
				GCC_WARN_UNUSED_VARIABLE = YES;
				IPHONEOS_DEPLOYMENT_TARGET = 7.1;
				ONLY_ACTIVE_ARCH = YES;
				SDKROOT = iphoneos;
			};
			name = Debug;
		};
		041E75E019D660440084C42B /* Release */ = {
			isa = XCBuildConfiguration;
			buildSettings = {
				ALWAYS_SEARCH_USER_PATHS = NO;
				CLANG_CXX_LANGUAGE_STANDARD = "gnu++0x";
				CLANG_CXX_LIBRARY = "libc++";
				CLANG_ENABLE_MODULES = YES;
				CLANG_ENABLE_OBJC_ARC = YES;
				CLANG_WARN_BOOL_CONVERSION = YES;
				CLANG_WARN_CONSTANT_CONVERSION = YES;
				CLANG_WARN_DIRECT_OBJC_ISA_USAGE = YES_ERROR;
				CLANG_WARN_EMPTY_BODY = YES;
				CLANG_WARN_ENUM_CONVERSION = YES;
				CLANG_WARN_INT_CONVERSION = YES;
				CLANG_WARN_OBJC_ROOT_CLASS = YES_ERROR;
				CLANG_WARN__DUPLICATE_METHOD_MATCH = YES;
				"CODE_SIGN_IDENTITY[sdk=iphoneos*]" = "iPhone Developer";
				COPY_PHASE_STRIP = YES;
				ENABLE_NS_ASSERTIONS = NO;
				GCC_C_LANGUAGE_STANDARD = gnu99;
				GCC_WARN_64_TO_32_BIT_CONVERSION = YES;
				GCC_WARN_ABOUT_RETURN_TYPE = YES_ERROR;
				GCC_WARN_UNDECLARED_SELECTOR = YES;
				GCC_WARN_UNINITIALIZED_AUTOS = YES_AGGRESSIVE;
				GCC_WARN_UNUSED_FUNCTION = YES;
				GCC_WARN_UNUSED_VARIABLE = YES;
				IPHONEOS_DEPLOYMENT_TARGET = 7.1;
				SDKROOT = iphoneos;
				VALIDATE_PRODUCT = YES;
			};
			name = Release;
		};
		041E75E219D660440084C42B /* Debug */ = {
			isa = XCBuildConfiguration;
			buildSettings = {
				ASSETCATALOG_COMPILER_APPICON_NAME = AppIcon;
				ASSETCATALOG_COMPILER_LAUNCHIMAGE_NAME = LaunchImage;
				GCC_PRECOMPILE_PREFIX_HEADER = YES;
				GCC_PREFIX_HEADER = "UIGestureRecognizer/UIGestureRecognizer-Prefix.pch";
				INFOPLIST_FILE = "UIGestureRecognizer/UIGestureRecognizer-Info.plist";
				PRODUCT_NAME = "$(TARGET_NAME)";
				WRAPPER_EXTENSION = app;
			};
			name = Debug;
		};
		041E75E319D660440084C42B /* Release */ = {
			isa = XCBuildConfiguration;
			buildSettings = {
				ASSETCATALOG_COMPILER_APPICON_NAME = AppIcon;
				ASSETCATALOG_COMPILER_LAUNCHIMAGE_NAME = LaunchImage;
				GCC_PRECOMPILE_PREFIX_HEADER = YES;
				GCC_PREFIX_HEADER = "UIGestureRecognizer/UIGestureRecognizer-Prefix.pch";
				INFOPLIST_FILE = "UIGestureRecognizer/UIGestureRecognizer-Info.plist";
				PRODUCT_NAME = "$(TARGET_NAME)";
				WRAPPER_EXTENSION = app;
			};
			name = Release;
		};
		041E75E519D660440084C42B /* Debug */ = {
			isa = XCBuildConfiguration;
			buildSettings = {
				BUNDLE_LOADER = "$(BUILT_PRODUCTS_DIR)/UIGestureRecognizer.app/UIGestureRecognizer";
				FRAMEWORK_SEARCH_PATHS = (
					"$(SDKROOT)/Developer/Library/Frameworks",
					"$(inherited)",
					"$(DEVELOPER_FRAMEWORKS_DIR)",
				);
				GCC_PRECOMPILE_PREFIX_HEADER = YES;
				GCC_PREFIX_HEADER = "UIGestureRecognizer/UIGestureRecognizer-Prefix.pch";
				GCC_PREPROCESSOR_DEFINITIONS = (
					"DEBUG=1",
					"$(inherited)",
				);
				INFOPLIST_FILE = "UIGestureRecognizerTests/UIGestureRecognizerTests-Info.plist";
				PRODUCT_NAME = "$(TARGET_NAME)";
				TEST_HOST = "$(BUNDLE_LOADER)";
				WRAPPER_EXTENSION = xctest;
			};
			name = Debug;
		};
		041E75E619D660440084C42B /* Release */ = {
			isa = XCBuildConfiguration;
			buildSettings = {
				BUNDLE_LOADER = "$(BUILT_PRODUCTS_DIR)/UIGestureRecognizer.app/UIGestureRecognizer";
				FRAMEWORK_SEARCH_PATHS = (
					"$(SDKROOT)/Developer/Library/Frameworks",
					"$(inherited)",
					"$(DEVELOPER_FRAMEWORKS_DIR)",
				);
				GCC_PRECOMPILE_PREFIX_HEADER = YES;
				GCC_PREFIX_HEADER = "UIGestureRecognizer/UIGestureRecognizer-Prefix.pch";
				INFOPLIST_FILE = "UIGestureRecognizerTests/UIGestureRecognizerTests-Info.plist";
				PRODUCT_NAME = "$(TARGET_NAME)";
				TEST_HOST = "$(BUNDLE_LOADER)";
				WRAPPER_EXTENSION = xctest;
			};
			name = Release;
		};
/* End XCBuildConfiguration section */

/* Begin XCConfigurationList section */
		041E75B019D660440084C42B /* Build configuration list for PBXProject "UIGestureRecognizer" */ = {
			isa = XCConfigurationList;
			buildConfigurations = (
				041E75DF19D660440084C42B /* Debug */,
				041E75E019D660440084C42B /* Release */,
			);
			defaultConfigurationIsVisible = 0;
			defaultConfigurationName = Release;
		};
		041E75E119D660440084C42B /* Build configuration list for PBXNativeTarget "UIGestureRecognizer" */ = {
			isa = XCConfigurationList;
			buildConfigurations = (
				041E75E219D660440084C42B /* Debug */,
				041E75E319D660440084C42B /* Release */,
			);
			defaultConfigurationIsVisible = 0;
		};
		041E75E419D660440084C42B /* Build configuration list for PBXNativeTarget "UIGestureRecognizerTests" */ = {
			isa = XCConfigurationList;
			buildConfigurations = (
				041E75E519D660440084C42B /* Debug */,
				041E75E619D660440084C42B /* Release */,
			);
			defaultConfigurationIsVisible = 0;
		};
/* End XCConfigurationList section */
	};
	rootObject = 041E75AD19D660440084C42B /* Project object */;
}
